// !$*UTF8*$!
{
	archiveVersion = 1;
	classes = {
	};
	objectVersion = 55;
	objects = {

/* Begin PBXBuildFile section */
		A84E186F28572A5D00A7DFCC /* ImagePicker.swift in Sources */ = {isa = PBXBuildFile; fileRef = A84E186E28572A5D00A7DFCC /* ImagePicker.swift */; };
		A84E187128572A6100A7DFCC /* CustomImagePicker.swift in Sources */ = {isa = PBXBuildFile; fileRef = A84E187028572A6100A7DFCC /* CustomImagePicker.swift */; };
		A84E18A92857629D00A7DFCC /* CardView.swift in Sources */ = {isa = PBXBuildFile; fileRef = A84E18A82857629D00A7DFCC /* CardView.swift */; };
		A84E18AB2857635000A7DFCC /* CardModel.swift in Sources */ = {isa = PBXBuildFile; fileRef = A84E18AA2857635000A7DFCC /* CardModel.swift */; };
		A84E18AD285763B000A7DFCC /* Theme.swift in Sources */ = {isa = PBXBuildFile; fileRef = A84E18AC285763B000A7DFCC /* Theme.swift */; };
		A84E18AF2857651400A7DFCC /* DetailView.swift in Sources */ = {isa = PBXBuildFile; fileRef = A84E18AE2857651400A7DFCC /* DetailView.swift */; };
		A85E6B79283E3F8200161AEC /* UserSettings.swift in Sources */ = {isa = PBXBuildFile; fileRef = A85E6B78283E3F8200161AEC /* UserSettings.swift */; };
		A88E28F7283F723E008E0F1C /* OnboardingView.swift in Sources */ = {isa = PBXBuildFile; fileRef = A88E28F6283F723E008E0F1C /* OnboardingView.swift */; };
		A89664C02851053500BE043A /* emptyDerive.swift in Sources */ = {isa = PBXBuildFile; fileRef = A89664BF2851053500BE043A /* emptyDerive.swift */; };
		A89664CA2851914300BE043A /* Place.swift in Sources */ = {isa = PBXBuildFile; fileRef = A89664C92851914300BE043A /* Place.swift */; };
		A89664CC2851915C00BE043A /* MapViewModel.swift in Sources */ = {isa = PBXBuildFile; fileRef = A89664CB2851915C00BE043A /* MapViewModel.swift */; };
		A89664CE2851917B00BE043A /* Home.swift in Sources */ = {isa = PBXBuildFile; fileRef = A89664CD2851917B00BE043A /* Home.swift */; };
		A89664D02851919800BE043A /* MapView.swift in Sources */ = {isa = PBXBuildFile; fileRef = A89664CF2851919800BE043A /* MapView.swift */; };
		A9024FBF2837963400830255 /* MapViewOld.swift in Sources */ = {isa = PBXBuildFile; fileRef = A9024FBE2837963400830255 /* MapViewOld.swift */; };
		A97AB5D32837F6370024C3A5 /* DeriveView.swift in Sources */ = {isa = PBXBuildFile; fileRef = A97AB5D22837F6370024C3A5 /* DeriveView.swift */; };
		A97AB5DA2838F0000024C3A5 /* CollectionView.swift in Sources */ = {isa = PBXBuildFile; fileRef = A97AB5D92838F0000024C3A5 /* CollectionView.swift */; };
		A9CD1814283CD827006F0F37 /* RecordingList.swift in Sources */ = {isa = PBXBuildFile; fileRef = A9CD1811283CD827006F0F37 /* RecordingList.swift */; };
		A9CD1815283CD827006F0F37 /* RecordingDataModel.swift in Sources */ = {isa = PBXBuildFile; fileRef = A9CD1812283CD827006F0F37 /* RecordingDataModel.swift */; };
		A9CD1816283CD827006F0F37 /* RecorderAudio.swift in Sources */ = {isa = PBXBuildFile; fileRef = A9CD1813283CD827006F0F37 /* RecorderAudio.swift */; };
		A9CD181B283CD83C006F0F37 /* Extensions.swift in Sources */ = {isa = PBXBuildFile; fileRef = A9CD1817283CD83C006F0F37 /* Extensions.swift */; };
		A9CD181C283CD83C006F0F37 /* AudioPlayer.swift in Sources */ = {isa = PBXBuildFile; fileRef = A9CD1818283CD83C006F0F37 /* AudioPlayer.swift */; };
		A9CD181D283CD83C006F0F37 /* AudioRecorder .swift in Sources */ = {isa = PBXBuildFile; fileRef = A9CD1819283CD83C006F0F37 /* AudioRecorder .swift */; };
		A9CD181E283CD83C006F0F37 /* Helper.swift in Sources */ = {isa = PBXBuildFile; fileRef = A9CD181A283CD83C006F0F37 /* Helper.swift */; };
		A9F2952F2836709200527328 /* GetLostApp.swift in Sources */ = {isa = PBXBuildFile; fileRef = A9F2952E2836709200527328 /* GetLostApp.swift */; };
		A9F295332836709200527328 /* Assets.xcassets in Resources */ = {isa = PBXBuildFile; fileRef = A9F295322836709200527328 /* Assets.xcassets */; };
		A9F295362836709200527328 /* Preview Assets.xcassets in Resources */ = {isa = PBXBuildFile; fileRef = A9F295352836709200527328 /* Preview Assets.xcassets */; };
/* End PBXBuildFile section */

/* Begin PBXFileReference section */
		A84E186E28572A5D00A7DFCC /* ImagePicker.swift */ = {isa = PBXFileReference; fileEncoding = 4; lastKnownFileType = sourcecode.swift; path = ImagePicker.swift; sourceTree = "<group>"; };
		A84E187028572A6100A7DFCC /* CustomImagePicker.swift */ = {isa = PBXFileReference; fileEncoding = 4; lastKnownFileType = sourcecode.swift; path = CustomImagePicker.swift; sourceTree = "<group>"; };
		A84E18A82857629D00A7DFCC /* CardView.swift */ = {isa = PBXFileReference; lastKnownFileType = sourcecode.swift; path = CardView.swift; sourceTree = "<group>"; };
		A84E18AA2857635000A7DFCC /* CardModel.swift */ = {isa = PBXFileReference; lastKnownFileType = sourcecode.swift; path = CardModel.swift; sourceTree = "<group>"; };
		A84E18AC285763B000A7DFCC /* Theme.swift */ = {isa = PBXFileReference; lastKnownFileType = sourcecode.swift; path = Theme.swift; sourceTree = "<group>"; };
		A84E18AE2857651400A7DFCC /* DetailView.swift */ = {isa = PBXFileReference; lastKnownFileType = sourcecode.swift; path = DetailView.swift; sourceTree = "<group>"; };
		A85E6B78283E3F8200161AEC /* UserSettings.swift */ = {isa = PBXFileReference; fileEncoding = 4; lastKnownFileType = sourcecode.swift; path = UserSettings.swift; sourceTree = "<group>"; };
		A88E28F6283F723E008E0F1C /* OnboardingView.swift */ = {isa = PBXFileReference; lastKnownFileType = sourcecode.swift; path = OnboardingView.swift; sourceTree = "<group>"; };
		A89664BF2851053500BE043A /* emptyDerive.swift */ = {isa = PBXFileReference; lastKnownFileType = sourcecode.swift; path = emptyDerive.swift; sourceTree = "<group>"; };
		A89664C92851914300BE043A /* Place.swift */ = {isa = PBXFileReference; lastKnownFileType = sourcecode.swift; path = Place.swift; sourceTree = "<group>"; };
		A89664CB2851915C00BE043A /* MapViewModel.swift */ = {isa = PBXFileReference; lastKnownFileType = sourcecode.swift; path = MapViewModel.swift; sourceTree = "<group>"; };
		A89664CD2851917B00BE043A /* Home.swift */ = {isa = PBXFileReference; lastKnownFileType = sourcecode.swift; path = Home.swift; sourceTree = "<group>"; };
		A89664CF2851919800BE043A /* MapView.swift */ = {isa = PBXFileReference; lastKnownFileType = sourcecode.swift; path = MapView.swift; sourceTree = "<group>"; };
		A9024FBE2837963400830255 /* MapViewOld.swift */ = {isa = PBXFileReference; lastKnownFileType = sourcecode.swift; path = MapViewOld.swift; sourceTree = "<group>"; };
		A97AB5D22837F6370024C3A5 /* DeriveView.swift */ = {isa = PBXFileReference; lastKnownFileType = sourcecode.swift; path = DeriveView.swift; sourceTree = "<group>"; };
		A97AB5D92838F0000024C3A5 /* CollectionView.swift */ = {isa = PBXFileReference; lastKnownFileType = sourcecode.swift; path = CollectionView.swift; sourceTree = "<group>"; };
		A9CD1811283CD827006F0F37 /* RecordingList.swift */ = {isa = PBXFileReference; fileEncoding = 4; lastKnownFileType = sourcecode.swift; path = RecordingList.swift; sourceTree = "<group>"; };
		A9CD1812283CD827006F0F37 /* RecordingDataModel.swift */ = {isa = PBXFileReference; fileEncoding = 4; lastKnownFileType = sourcecode.swift; path = RecordingDataModel.swift; sourceTree = "<group>"; };
		A9CD1813283CD827006F0F37 /* RecorderAudio.swift */ = {isa = PBXFileReference; fileEncoding = 4; lastKnownFileType = sourcecode.swift; path = RecorderAudio.swift; sourceTree = "<group>"; };
		A9CD1817283CD83C006F0F37 /* Extensions.swift */ = {isa = PBXFileReference; fileEncoding = 4; lastKnownFileType = sourcecode.swift; path = Extensions.swift; sourceTree = "<group>"; };
		A9CD1818283CD83C006F0F37 /* AudioPlayer.swift */ = {isa = PBXFileReference; fileEncoding = 4; lastKnownFileType = sourcecode.swift; path = AudioPlayer.swift; sourceTree = "<group>"; };
		A9CD1819283CD83C006F0F37 /* AudioRecorder .swift */ = {isa = PBXFileReference; fileEncoding = 4; lastKnownFileType = sourcecode.swift; path = "AudioRecorder .swift"; sourceTree = "<group>"; };
		A9CD181A283CD83C006F0F37 /* Helper.swift */ = {isa = PBXFileReference; fileEncoding = 4; lastKnownFileType = sourcecode.swift; path = Helper.swift; sourceTree = "<group>"; };
		A9F2952B2836709200527328 /* GetLost.app */ = {isa = PBXFileReference; explicitFileType = wrapper.application; includeInIndex = 0; path = GetLost.app; sourceTree = BUILT_PRODUCTS_DIR; };
		A9F2952E2836709200527328 /* GetLostApp.swift */ = {isa = PBXFileReference; lastKnownFileType = sourcecode.swift; path = GetLostApp.swift; sourceTree = "<group>"; };
		A9F295322836709200527328 /* Assets.xcassets */ = {isa = PBXFileReference; lastKnownFileType = folder.assetcatalog; path = Assets.xcassets; sourceTree = "<group>"; };
		A9F295352836709200527328 /* Preview Assets.xcassets */ = {isa = PBXFileReference; lastKnownFileType = folder.assetcatalog; path = "Preview Assets.xcassets"; sourceTree = "<group>"; };
/* End PBXFileReference section */

/* Begin PBXFrameworksBuildPhase section */
		A9F295282836709200527328 /* Frameworks */ = {
			isa = PBXFrameworksBuildPhase;
			buildActionMask = 2147483647;
			files = (
			);
			runOnlyForDeploymentPostprocessing = 0;
		};
/* End PBXFrameworksBuildPhase section */

/* Begin PBXGroup section */
		A84E18B42857683E00A7DFCC /* CollectionView */ = {
			isa = PBXGroup;
			children = (
				A97AB5D92838F0000024C3A5 /* CollectionView.swift */,
				A84E18A82857629D00A7DFCC /* CardView.swift */,
				A84E18AA2857635000A7DFCC /* CardModel.swift */,
				A84E18AC285763B000A7DFCC /* Theme.swift */,
				A84E18AE2857651400A7DFCC /* DetailView.swift */,
			);
			path = CollectionView;
			sourceTree = "<group>";
		};
		A84E18B62857B76F00A7DFCC /* DeriveView */ = {
			isa = PBXGroup;
			children = (
				A89664BF2851053500BE043A /* emptyDerive.swift */,
				A97AB5D22837F6370024C3A5 /* DeriveView.swift */,
			);
			path = DeriveView;
			sourceTree = "<group>";
		};
		A84E18B72857B7B400A7DFCC /* ImagePicker */ = {
			isa = PBXGroup;
			children = (
				A84E186E28572A5D00A7DFCC /* ImagePicker.swift */,
				A84E187028572A6100A7DFCC /* CustomImagePicker.swift */,
			);
			path = ImagePicker;
			sourceTree = "<group>";
		};
		A89664C82851912A00BE043A /* MapView */ = {
			isa = PBXGroup;
			children = (
				A89664CD2851917B00BE043A /* Home.swift */,
				A89664C92851914300BE043A /* Place.swift */,
				A89664CF2851919800BE043A /* MapView.swift */,
				A89664CB2851915C00BE043A /* MapViewModel.swift */,
				A9024FBE2837963400830255 /* MapViewOld.swift */,
			);
			path = MapView;
			sourceTree = "<group>";
		};
		A9CD1800283CD585006F0F37 /* AudioRecorder */ = {
			isa = PBXGroup;
			children = (
				A9CD1813283CD827006F0F37 /* RecorderAudio.swift */,
				A9CD1812283CD827006F0F37 /* RecordingDataModel.swift */,
				A9CD1811283CD827006F0F37 /* RecordingList.swift */,
				A9CD1818283CD83C006F0F37 /* AudioPlayer.swift */,
				A9CD1819283CD83C006F0F37 /* AudioRecorder .swift */,
				A9CD1817283CD83C006F0F37 /* Extensions.swift */,
				A9CD181A283CD83C006F0F37 /* Helper.swift */,
			);
			path = AudioRecorder;
			sourceTree = "<group>";
		};
		A9F295222836709200527328 = {
			isa = PBXGroup;
			children = (
				A89664C82851912A00BE043A /* MapView */,
				A84E18B42857683E00A7DFCC /* CollectionView */,
				A84E18B62857B76F00A7DFCC /* DeriveView */,
				A84E18B72857B7B400A7DFCC /* ImagePicker */,
				A9F2952E2836709200527328 /* GetLostApp.swift */,
				A85E6B78283E3F8200161AEC /* UserSettings.swift */,
				A88E28F6283F723E008E0F1C /* OnboardingView.swift */,
				A9CD1800283CD585006F0F37 /* AudioRecorder */,
				A9F295342836709200527328 /* Preview Content */,
				A9F295322836709200527328 /* Assets.xcassets */,
				A9F2952C2836709200527328 /* Products */,
			);
			sourceTree = "<group>";
		};
		A9F2952C2836709200527328 /* Products */ = {
			isa = PBXGroup;
			children = (
				A9F2952B2836709200527328 /* GetLost.app */,
			);
			name = Products;
			sourceTree = "<group>";
		};
		A9F295342836709200527328 /* Preview Content */ = {
			isa = PBXGroup;
			children = (
				A9F295352836709200527328 /* Preview Assets.xcassets */,
			);
			path = "Preview Content";
			sourceTree = "<group>";
		};
/* End PBXGroup section */

/* Begin PBXNativeTarget section */
		A9F2952A2836709200527328 /* GetLost */ = {
			isa = PBXNativeTarget;
			buildConfigurationList = A9F2954F2836709300527328 /* Build configuration list for PBXNativeTarget "GetLost" */;
			buildPhases = (
				A9F295272836709200527328 /* Sources */,
				A9F295282836709200527328 /* Frameworks */,
				A9F295292836709200527328 /* Resources */,
			);
			buildRules = (
			);
			dependencies = (
			);
			name = GetLost;
			productName = AppMap;
			productReference = A9F2952B2836709200527328 /* GetLost.app */;
			productType = "com.apple.product-type.application";
		};
/* End PBXNativeTarget section */

/* Begin PBXProject section */
		A9F295232836709200527328 /* Project object */ = {
			isa = PBXProject;
			attributes = {
				BuildIndependentTargetsInParallel = 1;
				LastSwiftUpdateCheck = 1330;
				LastUpgradeCheck = 1330;
				TargetAttributes = {
					A9F2952A2836709200527328 = {
						CreatedOnToolsVersion = 13.3.1;
					};
				};
			};
			buildConfigurationList = A9F295262836709200527328 /* Build configuration list for PBXProject "GetLost" */;
			compatibilityVersion = "Xcode 13.0";
			developmentRegion = en;
			hasScannedForEncodings = 0;
			knownRegions = (
				en,
				Base,
			);
			mainGroup = A9F295222836709200527328;
			productRefGroup = A9F2952C2836709200527328 /* Products */;
			projectDirPath = "";
			projectRoot = "";
			targets = (
				A9F2952A2836709200527328 /* GetLost */,
			);
		};
/* End PBXProject section */

/* Begin PBXResourcesBuildPhase section */
		A9F295292836709200527328 /* Resources */ = {
			isa = PBXResourcesBuildPhase;
			buildActionMask = 2147483647;
			files = (
				A9F295362836709200527328 /* Preview Assets.xcassets in Resources */,
				A9F295332836709200527328 /* Assets.xcassets in Resources */,
			);
			runOnlyForDeploymentPostprocessing = 0;
		};
/* End PBXResourcesBuildPhase section */

/* Begin PBXSourcesBuildPhase section */
		A9F295272836709200527328 /* Sources */ = {
			isa = PBXSourcesBuildPhase;
			buildActionMask = 2147483647;
			files = (
				A97AB5D32837F6370024C3A5 /* DeriveView.swift in Sources */,
				A84E18AF2857651400A7DFCC /* DetailView.swift in Sources */,
				A9CD1815283CD827006F0F37 /* RecordingDataModel.swift in Sources */,
				A9CD181E283CD83C006F0F37 /* Helper.swift in Sources */,
				A84E18AD285763B000A7DFCC /* Theme.swift in Sources */,
				A89664CE2851917B00BE043A /* Home.swift in Sources */,
				A9CD1816283CD827006F0F37 /* RecorderAudio.swift in Sources */,
				A9024FBF2837963400830255 /* MapViewOld.swift in Sources */,
				A89664D02851919800BE043A /* MapView.swift in Sources */,
				A84E18A92857629D00A7DFCC /* CardView.swift in Sources */,
				A84E186F28572A5D00A7DFCC /* ImagePicker.swift in Sources */,
				A9CD181D283CD83C006F0F37 /* AudioRecorder .swift in Sources */,
				A97AB5DA2838F0000024C3A5 /* CollectionView.swift in Sources */,
				A85E6B79283E3F8200161AEC /* UserSettings.swift in Sources */,
				A89664C02851053500BE043A /* emptyDerive.swift in Sources */,
				A9CD181B283CD83C006F0F37 /* Extensions.swift in Sources */,
				A89664CA2851914300BE043A /* Place.swift in Sources */,
				A84E187128572A6100A7DFCC /* CustomImagePicker.swift in Sources */,
				A9F2952F2836709200527328 /* GetLostApp.swift in Sources */,
				A84E18AB2857635000A7DFCC /* CardModel.swift in Sources */,
				A89664CC2851915C00BE043A /* MapViewModel.swift in Sources */,
				A9CD1814283CD827006F0F37 /* RecordingList.swift in Sources */,
				A9CD181C283CD83C006F0F37 /* AudioPlayer.swift in Sources */,
				A88E28F7283F723E008E0F1C /* OnboardingView.swift in Sources */,
			);
			runOnlyForDeploymentPostprocessing = 0;
		};
/* End PBXSourcesBuildPhase section */

/* Begin XCBuildConfiguration section */
		A9F2954D2836709300527328 /* Debug */ = {
			isa = XCBuildConfiguration;
			buildSettings = {
				ALWAYS_SEARCH_USER_PATHS = NO;
				CLANG_ANALYZER_NONNULL = YES;
				CLANG_ANALYZER_NUMBER_OBJECT_CONVERSION = YES_AGGRESSIVE;
				CLANG_CXX_LANGUAGE_STANDARD = "gnu++17";
				CLANG_ENABLE_MODULES = YES;
				CLANG_ENABLE_OBJC_ARC = YES;
				CLANG_ENABLE_OBJC_WEAK = YES;
				CLANG_WARN_BLOCK_CAPTURE_AUTORELEASING = YES;
				CLANG_WARN_BOOL_CONVERSION = YES;
				CLANG_WARN_COMMA = YES;
				CLANG_WARN_CONSTANT_CONVERSION = YES;
				CLANG_WARN_DEPRECATED_OBJC_IMPLEMENTATIONS = YES;
				CLANG_WARN_DIRECT_OBJC_ISA_USAGE = YES_ERROR;
				CLANG_WARN_DOCUMENTATION_COMMENTS = YES;
				CLANG_WARN_EMPTY_BODY = YES;
				CLANG_WARN_ENUM_CONVERSION = YES;
				CLANG_WARN_INFINITE_RECURSION = YES;
				CLANG_WARN_INT_CONVERSION = YES;
				CLANG_WARN_NON_LITERAL_NULL_CONVERSION = YES;
				CLANG_WARN_OBJC_IMPLICIT_RETAIN_SELF = YES;
				CLANG_WARN_OBJC_LITERAL_CONVERSION = YES;
				CLANG_WARN_OBJC_ROOT_CLASS = YES_ERROR;
				CLANG_WARN_QUOTED_INCLUDE_IN_FRAMEWORK_HEADER = YES;
				CLANG_WARN_RANGE_LOOP_ANALYSIS = YES;
				CLANG_WARN_STRICT_PROTOTYPES = YES;
				CLANG_WARN_SUSPICIOUS_MOVE = YES;
				CLANG_WARN_UNGUARDED_AVAILABILITY = YES_AGGRESSIVE;
				CLANG_WARN_UNREACHABLE_CODE = YES;
				CLANG_WARN__DUPLICATE_METHOD_MATCH = YES;
				COPY_PHASE_STRIP = NO;
				DEBUG_INFORMATION_FORMAT = dwarf;
				ENABLE_STRICT_OBJC_MSGSEND = YES;
				ENABLE_TESTABILITY = YES;
				GCC_C_LANGUAGE_STANDARD = gnu11;
				GCC_DYNAMIC_NO_PIC = NO;
				GCC_NO_COMMON_BLOCKS = YES;
				GCC_OPTIMIZATION_LEVEL = 0;
				GCC_PREPROCESSOR_DEFINITIONS = (
					"DEBUG=1",
					"$(inherited)",
				);
				GCC_WARN_64_TO_32_BIT_CONVERSION = YES;
				GCC_WARN_ABOUT_RETURN_TYPE = YES_ERROR;
				GCC_WARN_UNDECLARED_SELECTOR = YES;
				GCC_WARN_UNINITIALIZED_AUTOS = YES_AGGRESSIVE;
				GCC_WARN_UNUSED_FUNCTION = YES;
				GCC_WARN_UNUSED_VARIABLE = YES;
				IPHONEOS_DEPLOYMENT_TARGET = 15.0;
				MTL_ENABLE_DEBUG_INFO = INCLUDE_SOURCE;
				MTL_FAST_MATH = YES;
				ONLY_ACTIVE_ARCH = YES;
				SDKROOT = iphoneos;
				SWIFT_ACTIVE_COMPILATION_CONDITIONS = DEBUG;
				SWIFT_OPTIMIZATION_LEVEL = "-Onone";
			};
			name = Debug;
		};
		A9F2954E2836709300527328 /* Release */ = {
			isa = XCBuildConfiguration;
			buildSettings = {
				ALWAYS_SEARCH_USER_PATHS = NO;
				CLANG_ANALYZER_NONNULL = YES;
				CLANG_ANALYZER_NUMBER_OBJECT_CONVERSION = YES_AGGRESSIVE;
				CLANG_CXX_LANGUAGE_STANDARD = "gnu++17";
				CLANG_ENABLE_MODULES = YES;
				CLANG_ENABLE_OBJC_ARC = YES;
				CLANG_ENABLE_OBJC_WEAK = YES;
				CLANG_WARN_BLOCK_CAPTURE_AUTORELEASING = YES;
				CLANG_WARN_BOOL_CONVERSION = YES;
				CLANG_WARN_COMMA = YES;
				CLANG_WARN_CONSTANT_CONVERSION = YES;
				CLANG_WARN_DEPRECATED_OBJC_IMPLEMENTATIONS = YES;
				CLANG_WARN_DIRECT_OBJC_ISA_USAGE = YES_ERROR;
				CLANG_WARN_DOCUMENTATION_COMMENTS = YES;
				CLANG_WARN_EMPTY_BODY = YES;
				CLANG_WARN_ENUM_CONVERSION = YES;
				CLANG_WARN_INFINITE_RECURSION = YES;
				CLANG_WARN_INT_CONVERSION = YES;
				CLANG_WARN_NON_LITERAL_NULL_CONVERSION = YES;
				CLANG_WARN_OBJC_IMPLICIT_RETAIN_SELF = YES;
				CLANG_WARN_OBJC_LITERAL_CONVERSION = YES;
				CLANG_WARN_OBJC_ROOT_CLASS = YES_ERROR;
				CLANG_WARN_QUOTED_INCLUDE_IN_FRAMEWORK_HEADER = YES;
				CLANG_WARN_RANGE_LOOP_ANALYSIS = YES;
				CLANG_WARN_STRICT_PROTOTYPES = YES;
				CLANG_WARN_SUSPICIOUS_MOVE = YES;
				CLANG_WARN_UNGUARDED_AVAILABILITY = YES_AGGRESSIVE;
				CLANG_WARN_UNREACHABLE_CODE = YES;
				CLANG_WARN__DUPLICATE_METHOD_MATCH = YES;
				COPY_PHASE_STRIP = NO;
				DEBUG_INFORMATION_FORMAT = "dwarf-with-dsym";
				ENABLE_NS_ASSERTIONS = NO;
				ENABLE_STRICT_OBJC_MSGSEND = YES;
				GCC_C_LANGUAGE_STANDARD = gnu11;
				GCC_NO_COMMON_BLOCKS = YES;
				GCC_WARN_64_TO_32_BIT_CONVERSION = YES;
				GCC_WARN_ABOUT_RETURN_TYPE = YES_ERROR;
				GCC_WARN_UNDECLARED_SELECTOR = YES;
				GCC_WARN_UNINITIALIZED_AUTOS = YES_AGGRESSIVE;
				GCC_WARN_UNUSED_FUNCTION = YES;
				GCC_WARN_UNUSED_VARIABLE = YES;
				IPHONEOS_DEPLOYMENT_TARGET = 15.0;
				MTL_ENABLE_DEBUG_INFO = NO;
				MTL_FAST_MATH = YES;
				SDKROOT = iphoneos;
				SWIFT_COMPILATION_MODE = wholemodule;
				SWIFT_OPTIMIZATION_LEVEL = "-O";
				VALIDATE_PRODUCT = YES;
			};
			name = Release;
		};
		A9F295502836709300527328 /* Debug */ = {
			isa = XCBuildConfiguration;
			buildSettings = {
				ASSETCATALOG_COMPILER_APPICON_NAME = AppIcon;
				ASSETCATALOG_COMPILER_GLOBAL_ACCENT_COLOR_NAME = AccentColor;
				CODE_SIGN_IDENTITY = "Apple Development";
				CODE_SIGN_STYLE = Automatic;
				CURRENT_PROJECT_VERSION = 1.0;
				DEVELOPMENT_ASSET_PATHS = "";
				DEVELOPMENT_TEAM = GCU6VHU5S6;
				ENABLE_PREVIEWS = YES;
				GENERATE_INFOPLIST_FILE = YES;
				INFOPLIST_FILE = AppMap/Info.plist;
				INFOPLIST_KEY_NSCameraUsageDescription = Camera;
				INFOPLIST_KEY_NSLocationWhenInUseUsageDescription = "Help to create a community";
				INFOPLIST_KEY_NSPhotoLibraryUsageDescription = PhotoLibrary;
				INFOPLIST_KEY_UIApplicationSceneManifest_Generation = YES;
				INFOPLIST_KEY_UIApplicationSupportsIndirectInputEvents = YES;
				INFOPLIST_KEY_UILaunchScreen_Generation = YES;
				INFOPLIST_KEY_UISupportedInterfaceOrientations = UIInterfaceOrientationPortrait;
				INFOPLIST_KEY_UISupportedInterfaceOrientations_iPad = "UIInterfaceOrientationPortrait UIInterfaceOrientationPortraitUpsideDown UIInterfaceOrientationLandscapeLeft UIInterfaceOrientationLandscapeRight";
				INFOPLIST_KEY_UISupportedInterfaceOrientations_iPhone = "UIInterfaceOrientationPortrait UIInterfaceOrientationLandscapeLeft UIInterfaceOrientationLandscapeRight";
				INFOPLIST_KEY_UIUserInterfaceStyle = Dark;
				LD_RUNPATH_SEARCH_PATHS = (
					"$(inherited)",
					"@executable_path/Frameworks",
				);
				MARKETING_VERSION = 1.0;
				PRODUCT_BUNDLE_IDENTIFIER = oasis.GetLost;
				PRODUCT_NAME = "$(TARGET_NAME)";
				PROVISIONING_PROFILE_SPECIFIER = "";
				SWIFT_EMIT_LOC_STRINGS = YES;
				SWIFT_VERSION = 5.0;
				TARGETED_DEVICE_FAMILY = 1;
			};
			name = Debug;
		};
		A9F295512836709300527328 /* Release */ = {
			isa = XCBuildConfiguration;
			buildSettings = {
				ASSETCATALOG_COMPILER_APPICON_NAME = AppIcon;
				ASSETCATALOG_COMPILER_GLOBAL_ACCENT_COLOR_NAME = AccentColor;
				CODE_SIGN_IDENTITY = "Apple Development";
				CODE_SIGN_STYLE = Automatic;
				CURRENT_PROJECT_VERSION = 1.0;
				DEVELOPMENT_ASSET_PATHS = "";
				DEVELOPMENT_TEAM = GCU6VHU5S6;
				ENABLE_PREVIEWS = YES;
				GENERATE_INFOPLIST_FILE = YES;
				INFOPLIST_FILE = AppMap/Info.plist;
				INFOPLIST_KEY_NSCameraUsageDescription = Camera;
				INFOPLIST_KEY_NSLocationWhenInUseUsageDescription = "Help to create a community";
				INFOPLIST_KEY_NSPhotoLibraryUsageDescription = PhotoLibrary;
				INFOPLIST_KEY_UIApplicationSceneManifest_Generation = YES;
				INFOPLIST_KEY_UIApplicationSupportsIndirectInputEvents = YES;
				INFOPLIST_KEY_UILaunchScreen_Generation = YES;
				INFOPLIST_KEY_UISupportedInterfaceOrientations = UIInterfaceOrientationPortrait;
				INFOPLIST_KEY_UISupportedInterfaceOrientations_iPad = "UIInterfaceOrientationPortrait UIInterfaceOrientationPortraitUpsideDown UIInterfaceOrientationLandscapeLeft UIInterfaceOrientationLandscapeRight";
				INFOPLIST_KEY_UISupportedInterfaceOrientations_iPhone = "UIInterfaceOrientationPortrait UIInterfaceOrientationLandscapeLeft UIInterfaceOrientationLandscapeRight";
				INFOPLIST_KEY_UIUserInterfaceStyle = Dark;
				LD_RUNPATH_SEARCH_PATHS = (
					"$(inherited)",
					"@executable_path/Frameworks",
				);
				MARKETING_VERSION = 1.0;
				PRODUCT_BUNDLE_IDENTIFIER = oasis.GetLost;
				PRODUCT_NAME = "$(TARGET_NAME)";
				PROVISIONING_PROFILE_SPECIFIER = "";
				SWIFT_EMIT_LOC_STRINGS = YES;
				SWIFT_VERSION = 5.0;
				TARGETED_DEVICE_FAMILY = 1;
			};
			name = Release;
		};
/* End XCBuildConfiguration section */

/* Begin XCConfigurationList section */
		A9F295262836709200527328 /* Build configuration list for PBXProject "GetLost" */ = {
			isa = XCConfigurationList;
			buildConfigurations = (
				A9F2954D2836709300527328 /* Debug */,
				A9F2954E2836709300527328 /* Release */,
			);
			defaultConfigurationIsVisible = 0;
			defaultConfigurationName = Release;
		};
		A9F2954F2836709300527328 /* Build configuration list for PBXNativeTarget "GetLost" */ = {
			isa = XCConfigurationList;
			buildConfigurations = (
				A9F295502836709300527328 /* Debug */,
				A9F295512836709300527328 /* Release */,
			);
			defaultConfigurationIsVisible = 0;
			defaultConfigurationName = Release;
		};
/* End XCConfigurationList section */
	};
	rootObject = A9F295232836709200527328 /* Project object */;
}
